
Microsoft Visual Studio Solution File, Format Version 12.00
# Visual Studio Version 16
VisualStudioVersion = 16.0.29728.190
MinimumVisualStudioVersion = 10.0.40219.1
Project("{FAE04EC0-301F-11D3-BF4B-00C04F79EFBC}") = "session4-projects", "session4-projects\session4-projects.csproj", "{548BFCA0-48E1-4445-8A30-3F0766374DFD}"
EndProject
Global
	GlobalSection(SolutionConfigurationPlatforms) = preSolution
		Debug|Any CPU = Debug|Any CPU
		Release|Any CPU = Release|Any CPU
	EndGlobalSection
	GlobalSection(ProjectConfigurationPlatforms) = postSolution
		{548BFCA0-48E1-4445-8A30-3F0766374DFD}.Debug|Any CPU.ActiveCfg = Debug|Any CPU
		{548BFCA0-48E1-4445-8A30-3F0766374DFD}.Debug|Any CPU.Build.0 = Debug|Any CPU
		{548BFCA0-48E1-4445-8A30-3F0766374DFD}.Release|Any CPU.ActiveCfg = Release|Any CPU
		{548BFCA0-48E1-4445-8A30-3F0766374DFD}.Release|Any CPU.Build.0 = Release|Any CPU
	EndGlobalSection
	GlobalSection(SolutionProperties) = preSolution
		HideSolutionNode = FALSE
	EndGlobalSection
	GlobalSection(ExtensibilityGlobals) = postSolution
		SolutionGuid = {34EA56C0-643A-44D0-B378-A061D7B87A8A}
	EndGlobalSection
EndGlobal
